
Microsoft Visual Studio Solution File, Format Version 12.00
# Visual Studio 15
VisualStudioVersion = 15.0.26430.6
MinimumVisualStudioVersion = 10.0.40219.1
Project("{FAE04EC0-301F-11D3-BF4B-00C04F79EFBC}") = "MovieCollection.Web", "MovieCollection.Web\MovieCollection.Web.csproj", "{D3FBD3F6-6076-4046-9156-6F5AA219E167}"
EndProject
Project("{FAE04EC0-301F-11D3-BF4B-00C04F79EFBC}") = "MovieCollection.Core", "MovieCollection.Core\MovieCollection.Core.csproj", "{C17791FA-D6AB-4DC5-91AA-5F17E19EE3F8}"
EndProject
Global
	GlobalSection(SolutionConfigurationPlatforms) = preSolution
		Debug|Any CPU = Debug|Any CPU
		Release|Any CPU = Release|Any CPU
	EndGlobalSection
	GlobalSection(ProjectConfigurationPlatforms) = postSolution
		{D3FBD3F6-6076-4046-9156-6F5AA219E167}.Debug|Any CPU.ActiveCfg = Debug|Any CPU
		{D3FBD3F6-6076-4046-9156-6F5AA219E167}.Debug|Any CPU.Build.0 = Debug|Any CPU
		{D3FBD3F6-6076-4046-9156-6F5AA219E167}.Release|Any CPU.ActiveCfg = Release|Any CPU
		{D3FBD3F6-6076-4046-9156-6F5AA219E167}.Release|Any CPU.Build.0 = Release|Any CPU
		{C17791FA-D6AB-4DC5-91AA-5F17E19EE3F8}.Debug|Any CPU.ActiveCfg = Debug|Any CPU
		{C17791FA-D6AB-4DC5-91AA-5F17E19EE3F8}.Debug|Any CPU.Build.0 = Debug|Any CPU
		{C17791FA-D6AB-4DC5-91AA-5F17E19EE3F8}.Release|Any CPU.ActiveCfg = Release|Any CPU
		{C17791FA-D6AB-4DC5-91AA-5F17E19EE3F8}.Release|Any CPU.Build.0 = Release|Any CPU
	EndGlobalSection
	GlobalSection(SolutionProperties) = preSolution
		HideSolutionNode = FALSE
	EndGlobalSection
EndGlobal
